
Microsoft Visual Studio Solution File, Format Version 12.00
# Visual Studio Version 16
VisualStudioVersion = 16.0.29728.190
MinimumVisualStudioVersion = 10.0.40219.1
Project("{FAE04EC0-301F-11D3-BF4B-00C04F79EFBC}") = "lab8_myCar", "lab8_myCar\lab8_myCar.csproj", "{4A8A5F0F-98DC-42AB-82DF-FB676D16E78D}"
EndProject
Project("{FAE04EC0-301F-11D3-BF4B-00C04F79EFBC}") = "lab8_myCarTests", "lab8_myCarTests\lab8_myCarTests.csproj", "{3BD45524-A414-4563-8FD9-5CBF847FA5EE}"
EndProject
Global
	GlobalSection(SolutionConfigurationPlatforms) = preSolution
		Debug|Any CPU = Debug|Any CPU
		Release|Any CPU = Release|Any CPU
	EndGlobalSection
	GlobalSection(ProjectConfigurationPlatforms) = postSolution
		{4A8A5F0F-98DC-42AB-82DF-FB676D16E78D}.Debug|Any CPU.ActiveCfg = Debug|Any CPU
		{4A8A5F0F-98DC-42AB-82DF-FB676D16E78D}.Debug|Any CPU.Build.0 = Debug|Any CPU
		{4A8A5F0F-98DC-42AB-82DF-FB676D16E78D}.Release|Any CPU.ActiveCfg = Release|Any CPU
		{4A8A5F0F-98DC-42AB-82DF-FB676D16E78D}.Release|Any CPU.Build.0 = Release|Any CPU
		{3BD45524-A414-4563-8FD9-5CBF847FA5EE}.Debug|Any CPU.ActiveCfg = Debug|Any CPU
		{3BD45524-A414-4563-8FD9-5CBF847FA5EE}.Debug|Any CPU.Build.0 = Debug|Any CPU
		{3BD45524-A414-4563-8FD9-5CBF847FA5EE}.Release|Any CPU.ActiveCfg = Release|Any CPU
		{3BD45524-A414-4563-8FD9-5CBF847FA5EE}.Release|Any CPU.Build.0 = Release|Any CPU
	EndGlobalSection
	GlobalSection(SolutionProperties) = preSolution
		HideSolutionNode = FALSE
	EndGlobalSection
	GlobalSection(ExtensibilityGlobals) = postSolution
		SolutionGuid = {143ED49F-59C4-4B7F-BCBB-B835D5944533}
	EndGlobalSection
EndGlobal
